
Microsoft Visual Studio Solution File, Format Version 12.00
# Visual Studio Version 17
VisualStudioVersion = 17.4.33122.133
MinimumVisualStudioVersion = 10.0.40219.1
Project("{FAE04EC0-301F-11D3-BF4B-00C04F79EFBC}") = "WinFormsApp71", "WinFormsApp71.csproj", "{7BC20510-5AB2-4FD4-9BF5-B7270DF48A6F}"
EndProject
Global
	GlobalSection(SolutionConfigurationPlatforms) = preSolution
		Debug|Any CPU = Debug|Any CPU
		Release|Any CPU = Release|Any CPU
	EndGlobalSection
	GlobalSection(ProjectConfigurationPlatforms) = postSolution
		{7BC20510-5AB2-4FD4-9BF5-B7270DF48A6F}.Debug|Any CPU.ActiveCfg = Debug|Any CPU
		{7BC20510-5AB2-4FD4-9BF5-B7270DF48A6F}.Debug|Any CPU.Build.0 = Debug|Any CPU
		{7BC20510-5AB2-4FD4-9BF5-B7270DF48A6F}.Release|Any CPU.ActiveCfg = Release|Any CPU
		{7BC20510-5AB2-4FD4-9BF5-B7270DF48A6F}.Release|Any CPU.Build.0 = Release|Any CPU
	EndGlobalSection
	GlobalSection(SolutionProperties) = preSolution
		HideSolutionNode = FALSE
	EndGlobalSection
	GlobalSection(ExtensibilityGlobals) = postSolution
		SolutionGuid = {DA74894F-C8E1-40C3-A87F-B8017132EB3A}
	EndGlobalSection
EndGlobal
